
Microsoft Visual Studio Solution File, Format Version 12.00
# Visual Studio Version 16
VisualStudioVersion = 16.0.30204.135
MinimumVisualStudioVersion = 10.0.40219.1
Project("{FAE04EC0-301F-11D3-BF4B-00C04F79EFBC}") = "sample4", "sample4\sample4.csproj", "{9C56B530-5826-4F00-BCA1-00A6CD3BBB78}"
EndProject
Global
	GlobalSection(SolutionConfigurationPlatforms) = preSolution
		Debug|Any CPU = Debug|Any CPU
		Release|Any CPU = Release|Any CPU
	EndGlobalSection
	GlobalSection(ProjectConfigurationPlatforms) = postSolution
		{9C56B530-5826-4F00-BCA1-00A6CD3BBB78}.Debug|Any CPU.ActiveCfg = Debug|Any CPU
		{9C56B530-5826-4F00-BCA1-00A6CD3BBB78}.Debug|Any CPU.Build.0 = Debug|Any CPU
		{9C56B530-5826-4F00-BCA1-00A6CD3BBB78}.Release|Any CPU.ActiveCfg = Release|Any CPU
		{9C56B530-5826-4F00-BCA1-00A6CD3BBB78}.Release|Any CPU.Build.0 = Release|Any CPU
	EndGlobalSection
	GlobalSection(SolutionProperties) = preSolution
		HideSolutionNode = FALSE
	EndGlobalSection
	GlobalSection(ExtensibilityGlobals) = postSolution
		SolutionGuid = {B3AAB4FF-5BB2-4FAC-8FF9-FF6632E6F8E6}
	EndGlobalSection
EndGlobal
